
Microsoft Visual Studio Solution File, Format Version 12.00
# Visual Studio Version 16
VisualStudioVersion = 16.0.30804.86
MinimumVisualStudioVersion = 10.0.40219.1
Project("{D954291E-2A0B-460D-934E-DC6B0785DB48}") = "Eruru.TextTokenizer For Shared Project", "Eruru.TextTokenizer For Shared Project\Eruru.TextTokenizer For Shared Project.shproj", "{3AC244E4-BFAB-4BE8-97BA-CC0893E71E99}"
EndProject
Project("{FAE04EC0-301F-11D3-BF4B-00C04F79EFBC}") = "ConsoleApp1", "ConsoleApp1\ConsoleApp1.csproj", "{38EFC25C-3EC4-4A7B-9A71-F9D57F26D190}"
EndProject
Project("{FAE04EC0-301F-11D3-BF4B-00C04F79EFBC}") = "Eruru.TextTokenizer_For_.NET_Framework_2.0", "Eruru.TextTokenizer For .NET Framework 2.0\Eruru.TextTokenizer_For_.NET_Framework_2.0.csproj", "{3C6C44FC-E67D-4109-871B-A580C3A8413F}"
EndProject
Project("{FAE04EC0-301F-11D3-BF4B-00C04F79EFBC}") = "Eruru.TextTokenizer_For_.NET_Standard_2.0", "Eruru.TextTokenizer For .NET Standard 2.0\Eruru.TextTokenizer_For_.NET_Standard_2.0.csproj", "{D80A5E6A-AE4E-4C38-9AEB-A467D92B0490}"
EndProject
Global
	GlobalSection(SharedMSBuildProjectFiles) = preSolution
		Eruru.TextTokenizer For Shared Project\Eruru.TextTokenizer For Shared Project.projitems*{3ac244e4-bfab-4be8-97ba-cc0893e71e99}*SharedItemsImports = 13
		Eruru.TextTokenizer For Shared Project\Eruru.TextTokenizer For Shared Project.projitems*{3c6c44fc-e67d-4109-871b-a580c3a8413f}*SharedItemsImports = 4
		Eruru.TextTokenizer For Shared Project\Eruru.TextTokenizer For Shared Project.projitems*{d80a5e6a-ae4e-4c38-9aeb-a467d92b0490}*SharedItemsImports = 5
	EndGlobalSection
	GlobalSection(SolutionConfigurationPlatforms) = preSolution
		Debug|Any CPU = Debug|Any CPU
		Release|Any CPU = Release|Any CPU
	EndGlobalSection
	GlobalSection(ProjectConfigurationPlatforms) = postSolution
		{38EFC25C-3EC4-4A7B-9A71-F9D57F26D190}.Debug|Any CPU.ActiveCfg = Debug|Any CPU
		{38EFC25C-3EC4-4A7B-9A71-F9D57F26D190}.Debug|Any CPU.Build.0 = Debug|Any CPU
		{38EFC25C-3EC4-4A7B-9A71-F9D57F26D190}.Release|Any CPU.ActiveCfg = Release|Any CPU
		{38EFC25C-3EC4-4A7B-9A71-F9D57F26D190}.Release|Any CPU.Build.0 = Release|Any CPU
		{3C6C44FC-E67D-4109-871B-A580C3A8413F}.Debug|Any CPU.ActiveCfg = Debug|Any CPU
		{3C6C44FC-E67D-4109-871B-A580C3A8413F}.Debug|Any CPU.Build.0 = Debug|Any CPU
		{3C6C44FC-E67D-4109-871B-A580C3A8413F}.Release|Any CPU.ActiveCfg = Release|Any CPU
		{3C6C44FC-E67D-4109-871B-A580C3A8413F}.Release|Any CPU.Build.0 = Release|Any CPU
		{D80A5E6A-AE4E-4C38-9AEB-A467D92B0490}.Debug|Any CPU.ActiveCfg = Debug|Any CPU
		{D80A5E6A-AE4E-4C38-9AEB-A467D92B0490}.Debug|Any CPU.Build.0 = Debug|Any CPU
		{D80A5E6A-AE4E-4C38-9AEB-A467D92B0490}.Release|Any CPU.ActiveCfg = Release|Any CPU
		{D80A5E6A-AE4E-4C38-9AEB-A467D92B0490}.Release|Any CPU.Build.0 = Release|Any CPU
	EndGlobalSection
	GlobalSection(SolutionProperties) = preSolution
		HideSolutionNode = FALSE
	EndGlobalSection
	GlobalSection(ExtensibilityGlobals) = postSolution
		SolutionGuid = {37A9EF7B-C62A-4011-AF27-60ABB2CAC2C5}
	EndGlobalSection
EndGlobal
